// !$*UTF8*$!
{
	archiveVersion = 1;
	classes = {
	};
	objectVersion = 46;
	objects = {

/* Begin PBXBuildFile section */
		E69193EF1C9DE090005E878F /* .DS_Store in Resources */ = {isa = PBXBuildFile; fileRef = E69193D51C9DE090005E878F /* .DS_Store */; };
		E69193F01C9DE090005E878F /* drone.caf in Resources */ = {isa = PBXBuildFile; fileRef = E69193D61C9DE090005E878F /* drone.caf */; };
		E69193F11C9DE090005E878F /* explosion1.caf in Resources */ = {isa = PBXBuildFile; fileRef = E69193D71C9DE090005E878F /* explosion1.caf */; };
		E69193F21C9DE090005E878F /* explosion2.caf in Resources */ = {isa = PBXBuildFile; fileRef = E69193D81C9DE090005E878F /* explosion2.caf */; };
		E69193F31C9DE090005E878F /* fail0.caf in Resources */ = {isa = PBXBuildFile; fileRef = E69193D91C9DE090005E878F /* fail0.caf */; };
		E69193F41C9DE090005E878F /* fail1.caf in Resources */ = {isa = PBXBuildFile; fileRef = E69193DA1C9DE090005E878F /* fail1.caf */; };
		E69193F51C9DE090005E878F /* fail2.caf in Resources */ = {isa = PBXBuildFile; fileRef = E69193DB1C9DE090005E878F /* fail2.caf */; };
		E69193F61C9DE090005E878F /* fail3.caf in Resources */ = {isa = PBXBuildFile; fileRef = E69193DC1C9DE090005E878F /* fail3.caf */; };
		E69193F71C9DE090005E878F /* fail4.caf in Resources */ = {isa = PBXBuildFile; fileRef = E69193DD1C9DE090005E878F /* fail4.caf */; };
		E69193F81C9DE090005E878F /* fail5.caf in Resources */ = {isa = PBXBuildFile; fileRef = E69193DE1C9DE090005E878F /* fail5.caf */; };
		E69193F91C9DE090005E878F /* fail6.caf in Resources */ = {isa = PBXBuildFile; fileRef = E69193DF1C9DE090005E878F /* fail6.caf */; };
		E69193FA1C9DE090005E878F /* fail7.caf in Resources */ = {isa = PBXBuildFile; fileRef = E69193E01C9DE090005E878F /* fail7.caf */; };
		E69193FB1C9DE090005E878F /* fail8.caf in Resources */ = {isa = PBXBuildFile; fileRef = E69193E11C9DE090005E878F /* fail8.caf */; };
		E69193FC1C9DE090005E878F /* fail9.caf in Resources */ = {isa = PBXBuildFile; fileRef = E69193E21C9DE090005E878F /* fail9.caf */; };
		E69193FD1C9DE090005E878F /* fail10.caf in Resources */ = {isa = PBXBuildFile; fileRef = E69193E31C9DE090005E878F /* fail10.caf */; };
		E69193FE1C9DE090005E878F /* fail11.caf in Resources */ = {isa = PBXBuildFile; fileRef = E69193E41C9DE090005E878F /* fail11.caf */; };
		E69193FF1C9DE090005E878F /* fail12.caf in Resources */ = {isa = PBXBuildFile; fileRef = E69193E51C9DE090005E878F /* fail12.caf */; };
		E69194001C9DE090005E878F /* fail13.caf in Resources */ = {isa = PBXBuildFile; fileRef = E69193E61C9DE090005E878F /* fail13.caf */; };
		E69194011C9DE090005E878F /* gun1.caf in Resources */ = {isa = PBXBuildFile; fileRef = E69193E71C9DE090005E878F /* gun1.caf */; };
		E69194021C9DE090005E878F /* levelsound.mp3 in Resources */ = {isa = PBXBuildFile; fileRef = E69193E81C9DE090005E878F /* levelsound.mp3 */; };
		E69194031C9DE090005E878F /* loud_bomb.caf in Resources */ = {isa = PBXBuildFile; fileRef = E69193E91C9DE090005E878F /* loud_bomb.caf */; };
		E69194041C9DE090005E878F /* restoreHealth.caf in Resources */ = {isa = PBXBuildFile; fileRef = E69193EA1C9DE090005E878F /* restoreHealth.caf */; };
		E69194051C9DE090005E878F /* ricochet.caf in Resources */ = {isa = PBXBuildFile; fileRef = E69193EB1C9DE090005E878F /* ricochet.caf */; };
		E69194061C9DE090005E878F /* success0.caf in Resources */ = {isa = PBXBuildFile; fileRef = E69193EC1C9DE090005E878F /* success0.caf */; };
		E69194071C9DE090005E878F /* success1.caf in Resources */ = {isa = PBXBuildFile; fileRef = E69193ED1C9DE090005E878F /* success1.caf */; };
		E69194081C9DE090005E878F /* success2.caf in Resources */ = {isa = PBXBuildFile; fileRef = E69193EE1C9DE090005E878F /* success2.caf */; };
		E691940A1C9DE0A5005E878F /* epicMusic.wav in Resources */ = {isa = PBXBuildFile; fileRef = E69194091C9DE0A5005E878F /* epicMusic.wav */; };
		E6EB33731C9726E00079CEA7 /* AppDelegate.swift in Sources */ = {isa = PBXBuildFile; fileRef = E6EB33721C9726E00079CEA7 /* AppDelegate.swift */; };
		E6EB33751C9726E00079CEA7 /* GameScene.sks in Resources */ = {isa = PBXBuildFile; fileRef = E6EB33741C9726E00079CEA7 /* GameScene.sks */; };
		E6EB33771C9726E00079CEA7 /* GameScene.swift in Sources */ = {isa = PBXBuildFile; fileRef = E6EB33761C9726E00079CEA7 /* GameScene.swift */; };
		E6EB33791C9726E00079CEA7 /* GameViewController.swift in Sources */ = {isa = PBXBuildFile; fileRef = E6EB33781C9726E00079CEA7 /* GameViewController.swift */; };
		E6EB337C1C9726E00079CEA7 /* Main.storyboard in Resources */ = {isa = PBXBuildFile; fileRef = E6EB337A1C9726E00079CEA7 /* Main.storyboard */; };
		E6EB337E1C9726E00079CEA7 /* Assets.xcassets in Resources */ = {isa = PBXBuildFile; fileRef = E6EB337D1C9726E00079CEA7 /* Assets.xcassets */; };
		E6EB33811C9726E00079CEA7 /* LaunchScreen.storyboard in Resources */ = {isa = PBXBuildFile; fileRef = E6EB337F1C9726E00079CEA7 /* LaunchScreen.storyboard */; };
		E6EB338C1C9726E00079CEA7 /* MissileCommandTests.swift in Sources */ = {isa = PBXBuildFile; fileRef = E6EB338B1C9726E00079CEA7 /* MissileCommandTests.swift */; };
		E6EB33971C9726E00079CEA7 /* MissileCommandUITests.swift in Sources */ = {isa = PBXBuildFile; fileRef = E6EB33961C9726E00079CEA7 /* MissileCommandUITests.swift */; };
		E6EB33A51C976A9C0079CEA7 /* BMgermar.TTF in Resources */ = {isa = PBXBuildFile; fileRef = E6EB33A41C976A9B0079CEA7 /* BMgermar.TTF */; };
		E6EB33A61C976A9C0079CEA7 /* BMgermar.TTF in Resources */ = {isa = PBXBuildFile; fileRef = E6EB33A41C976A9B0079CEA7 /* BMgermar.TTF */; };
		E6EB33A71C976A9C0079CEA7 /* BMgermar.TTF in Resources */ = {isa = PBXBuildFile; fileRef = E6EB33A41C976A9B0079CEA7 /* BMgermar.TTF */; };
		E6EB33A91C98E98C0079CEA7 /* IntroScene.sks in Resources */ = {isa = PBXBuildFile; fileRef = E6EB33A81C98E98C0079CEA7 /* IntroScene.sks */; };
		E6EB33AB1C98E9950079CEA7 /* IntroScene.swift in Sources */ = {isa = PBXBuildFile; fileRef = E6EB33AA1C98E9950079CEA7 /* IntroScene.swift */; };
		E6EB33B31C99FB2A0079CEA7 /* Metroid_Door-Brandino480-995195341.mp3 in Resources */ = {isa = PBXBuildFile; fileRef = E6EB33B11C99FB2A0079CEA7 /* Metroid_Door-Brandino480-995195341.mp3 */; };
		E6EB33B41C99FB2A0079CEA7 /* Strong_Punch-Mike_Koenig-574430706.mp3 in Resources */ = {isa = PBXBuildFile; fileRef = E6EB33B21C99FB2A0079CEA7 /* Strong_Punch-Mike_Koenig-574430706.mp3 */; };
		E6EB33B61C99FE920079CEA7 /* 01 A Night Of Dizzy Spells.mp3 in Resources */ = {isa = PBXBuildFile; fileRef = E6EB33B51C99FE910079CEA7 /* 01 A Night Of Dizzy Spells.mp3 */; };
		E6EB33B91C9B7ACC0079CEA7 /* FireParticle.sks in Resources */ = {isa = PBXBuildFile; fileRef = E6EB33B71C9B7ACC0079CEA7 /* FireParticle.sks */; };
		E6EB33BA1C9B7ACC0079CEA7 /* spark.png in Resources */ = {isa = PBXBuildFile; fileRef = E6EB33B81C9B7ACC0079CEA7 /* spark.png */; };
/* End PBXBuildFile section */

/* Begin PBXContainerItemProxy section */
		E6EB33881C9726E00079CEA7 /* PBXContainerItemProxy */ = {
			isa = PBXContainerItemProxy;
			containerPortal = E6EB33671C9726E00079CEA7 /* Project object */;
			proxyType = 1;
			remoteGlobalIDString = E6EB336E1C9726E00079CEA7;
			remoteInfo = MissileCommand;
		};
		E6EB33931C9726E00079CEA7 /* PBXContainerItemProxy */ = {
			isa = PBXContainerItemProxy;
			containerPortal = E6EB33671C9726E00079CEA7 /* Project object */;
			proxyType = 1;
			remoteGlobalIDString = E6EB336E1C9726E00079CEA7;
			remoteInfo = MissileCommand;
		};
/* End PBXContainerItemProxy section */

/* Begin PBXFileReference section */
		E69193D51C9DE090005E878F /* .DS_Store */ = {isa = PBXFileReference; lastKnownFileType = file; path = .DS_Store; sourceTree = "<group>"; };
		E69193D61C9DE090005E878F /* drone.caf */ = {isa = PBXFileReference; lastKnownFileType = file; path = drone.caf; sourceTree = "<group>"; };
		E69193D71C9DE090005E878F /* explosion1.caf */ = {isa = PBXFileReference; lastKnownFileType = file; path = explosion1.caf; sourceTree = "<group>"; };
		E69193D81C9DE090005E878F /* explosion2.caf */ = {isa = PBXFileReference; lastKnownFileType = file; path = explosion2.caf; sourceTree = "<group>"; };
		E69193D91C9DE090005E878F /* fail0.caf */ = {isa = PBXFileReference; lastKnownFileType = file; path = fail0.caf; sourceTree = "<group>"; };
		E69193DA1C9DE090005E878F /* fail1.caf */ = {isa = PBXFileReference; lastKnownFileType = file; path = fail1.caf; sourceTree = "<group>"; };
		E69193DB1C9DE090005E878F /* fail2.caf */ = {isa = PBXFileReference; lastKnownFileType = file; path = fail2.caf; sourceTree = "<group>"; };
		E69193DC1C9DE090005E878F /* fail3.caf */ = {isa = PBXFileReference; lastKnownFileType = file; path = fail3.caf; sourceTree = "<group>"; };
		E69193DD1C9DE090005E878F /* fail4.caf */ = {isa = PBXFileReference; lastKnownFileType = file; path = fail4.caf; sourceTree = "<group>"; };
		E69193DE1C9DE090005E878F /* fail5.caf */ = {isa = PBXFileReference; lastKnownFileType = file; path = fail5.caf; sourceTree = "<group>"; };
		E69193DF1C9DE090005E878F /* fail6.caf */ = {isa = PBXFileReference; lastKnownFileType = file; path = fail6.caf; sourceTree = "<group>"; };
		E69193E01C9DE090005E878F /* fail7.caf */ = {isa = PBXFileReference; lastKnownFileType = file; path = fail7.caf; sourceTree = "<group>"; };
		E69193E11C9DE090005E878F /* fail8.caf */ = {isa = PBXFileReference; lastKnownFileType = file; path = fail8.caf; sourceTree = "<group>"; };
		E69193E21C9DE090005E878F /* fail9.caf */ = {isa = PBXFileReference; lastKnownFileType = file; path = fail9.caf; sourceTree = "<group>"; };
		E69193E31C9DE090005E878F /* fail10.caf */ = {isa = PBXFileReference; lastKnownFileType = file; path = fail10.caf; sourceTree = "<group>"; };
		E69193E41C9DE090005E878F /* fail11.caf */ = {isa = PBXFileReference; lastKnownFileType = file; path = fail11.caf; sourceTree = "<group>"; };
		E69193E51C9DE090005E878F /* fail12.caf */ = {isa = PBXFileReference; lastKnownFileType = file; path = fail12.caf; sourceTree = "<group>"; };
		E69193E61C9DE090005E878F /* fail13.caf */ = {isa = PBXFileReference; lastKnownFileType = file; path = fail13.caf; sourceTree = "<group>"; };
		E69193E71C9DE090005E878F /* gun1.caf */ = {isa = PBXFileReference; lastKnownFileType = file; path = gun1.caf; sourceTree = "<group>"; };
		E69193E81C9DE090005E878F /* levelsound.mp3 */ = {isa = PBXFileReference; lastKnownFileType = audio.mp3; path = levelsound.mp3; sourceTree = "<group>"; };
		E69193E91C9DE090005E878F /* loud_bomb.caf */ = {isa = PBXFileReference; lastKnownFileType = file; path = loud_bomb.caf; sourceTree = "<group>"; };
		E69193EA1C9DE090005E878F /* restoreHealth.caf */ = {isa = PBXFileReference; lastKnownFileType = file; path = restoreHealth.caf; sourceTree = "<group>"; };
		E69193EB1C9DE090005E878F /* ricochet.caf */ = {isa = PBXFileReference; lastKnownFileType = file; path = ricochet.caf; sourceTree = "<group>"; };
		E69193EC1C9DE090005E878F /* success0.caf */ = {isa = PBXFileReference; lastKnownFileType = file; path = success0.caf; sourceTree = "<group>"; };
		E69193ED1C9DE090005E878F /* success1.caf */ = {isa = PBXFileReference; lastKnownFileType = file; path = success1.caf; sourceTree = "<group>"; };
		E69193EE1C9DE090005E878F /* success2.caf */ = {isa = PBXFileReference; lastKnownFileType = file; path = success2.caf; sourceTree = "<group>"; };
		E69194091C9DE0A5005E878F /* epicMusic.wav */ = {isa = PBXFileReference; lastKnownFileType = audio.wav; path = epicMusic.wav; sourceTree = "<group>"; };
		E6EB336F1C9726E00079CEA7 /* MissileCommand.app */ = {isa = PBXFileReference; explicitFileType = wrapper.application; includeInIndex = 0; path = MissileCommand.app; sourceTree = BUILT_PRODUCTS_DIR; };
		E6EB33721C9726E00079CEA7 /* AppDelegate.swift */ = {isa = PBXFileReference; lastKnownFileType = sourcecode.swift; path = AppDelegate.swift; sourceTree = "<group>"; };
		E6EB33741C9726E00079CEA7 /* GameScene.sks */ = {isa = PBXFileReference; lastKnownFileType = file.sks; path = GameScene.sks; sourceTree = "<group>"; };
		E6EB33761C9726E00079CEA7 /* GameScene.swift */ = {isa = PBXFileReference; lastKnownFileType = sourcecode.swift; path = GameScene.swift; sourceTree = "<group>"; };
		E6EB33781C9726E00079CEA7 /* GameViewController.swift */ = {isa = PBXFileReference; lastKnownFileType = sourcecode.swift; path = GameViewController.swift; sourceTree = "<group>"; };
		E6EB337B1C9726E00079CEA7 /* Base */ = {isa = PBXFileReference; lastKnownFileType = file.storyboard; name = Base; path = Base.lproj/Main.storyboard; sourceTree = "<group>"; };
		E6EB337D1C9726E00079CEA7 /* Assets.xcassets */ = {isa = PBXFileReference; lastKnownFileType = folder.assetcatalog; path = Assets.xcassets; sourceTree = "<group>"; };
		E6EB33801C9726E00079CEA7 /* Base */ = {isa = PBXFileReference; lastKnownFileType = file.storyboard; name = Base; path = Base.lproj/LaunchScreen.storyboard; sourceTree = "<group>"; };
		E6EB33821C9726E00079CEA7 /* Info.plist */ = {isa = PBXFileReference; lastKnownFileType = text.plist.xml; path = Info.plist; sourceTree = "<group>"; };
		E6EB33871C9726E00079CEA7 /* MissileCommandTests.xctest */ = {isa = PBXFileReference; explicitFileType = wrapper.cfbundle; includeInIndex = 0; path = MissileCommandTests.xctest; sourceTree = BUILT_PRODUCTS_DIR; };
		E6EB338B1C9726E00079CEA7 /* MissileCommandTests.swift */ = {isa = PBXFileReference; lastKnownFileType = sourcecode.swift; path = MissileCommandTests.swift; sourceTree = "<group>"; };
		E6EB338D1C9726E00079CEA7 /* Info.plist */ = {isa = PBXFileReference; lastKnownFileType = text.plist.xml; path = Info.plist; sourceTree = "<group>"; };
		E6EB33921C9726E00079CEA7 /* MissileCommandUITests.xctest */ = {isa = PBXFileReference; explicitFileType = wrapper.cfbundle; includeInIndex = 0; path = MissileCommandUITests.xctest; sourceTree = BUILT_PRODUCTS_DIR; };
		E6EB33961C9726E00079CEA7 /* MissileCommandUITests.swift */ = {isa = PBXFileReference; lastKnownFileType = sourcecode.swift; path = MissileCommandUITests.swift; sourceTree = "<group>"; };
		E6EB33981C9726E00079CEA7 /* Info.plist */ = {isa = PBXFileReference; lastKnownFileType = text.plist.xml; path = Info.plist; sourceTree = "<group>"; };
		E6EB33A41C976A9B0079CEA7 /* BMgermar.TTF */ = {isa = PBXFileReference; lastKnownFileType = file; path = BMgermar.TTF; sourceTree = "<group>"; };
		E6EB33A81C98E98C0079CEA7 /* IntroScene.sks */ = {isa = PBXFileReference; lastKnownFileType = file.sks; path = IntroScene.sks; sourceTree = "<group>"; };
		E6EB33AA1C98E9950079CEA7 /* IntroScene.swift */ = {isa = PBXFileReference; fileEncoding = 4; lastKnownFileType = sourcecode.swift; path = IntroScene.swift; sourceTree = "<group>"; };
		E6EB33B11C99FB2A0079CEA7 /* Metroid_Door-Brandino480-995195341.mp3 */ = {isa = PBXFileReference; lastKnownFileType = audio.mp3; path = "Metroid_Door-Brandino480-995195341.mp3"; sourceTree = "<group>"; };
		E6EB33B21C99FB2A0079CEA7 /* Strong_Punch-Mike_Koenig-574430706.mp3 */ = {isa = PBXFileReference; lastKnownFileType = audio.mp3; path = "Strong_Punch-Mike_Koenig-574430706.mp3"; sourceTree = "<group>"; };
		E6EB33B51C99FE910079CEA7 /* 01 A Night Of Dizzy Spells.mp3 */ = {isa = PBXFileReference; lastKnownFileType = audio.mp3; path = "01 A Night Of Dizzy Spells.mp3"; sourceTree = "<group>"; };
		E6EB33B71C9B7ACC0079CEA7 /* FireParticle.sks */ = {isa = PBXFileReference; lastKnownFileType = file.sks; path = FireParticle.sks; sourceTree = "<group>"; };
		E6EB33B81C9B7ACC0079CEA7 /* spark.png */ = {isa = PBXFileReference; lastKnownFileType = image.png; path = spark.png; sourceTree = "<group>"; };
/* End PBXFileReference section */

/* Begin PBXFrameworksBuildPhase section */
		E6EB336C1C9726E00079CEA7 /* Frameworks */ = {
			isa = PBXFrameworksBuildPhase;
			buildActionMask = 2147483647;
			files = (
			);
			runOnlyForDeploymentPostprocessing = 0;
		};
		E6EB33841C9726E00079CEA7 /* Frameworks */ = {
			isa = PBXFrameworksBuildPhase;
			buildActionMask = 2147483647;
			files = (
			);
			runOnlyForDeploymentPostprocessing = 0;
		};
		E6EB338F1C9726E00079CEA7 /* Frameworks */ = {
			isa = PBXFrameworksBuildPhase;
			buildActionMask = 2147483647;
			files = (
			);
			runOnlyForDeploymentPostprocessing = 0;
		};
/* End PBXFrameworksBuildPhase section */

/* Begin PBXGroup section */
		E6EB33661C9726E00079CEA7 = {
			isa = PBXGroup;
			children = (
				E6EB33711C9726E00079CEA7 /* MissileCommand */,
				E6EB338A1C9726E00079CEA7 /* MissileCommandTests */,
				E6EB33951C9726E00079CEA7 /* MissileCommandUITests */,
				E6EB33701C9726E00079CEA7 /* Products */,
			);
			sourceTree = "<group>";
		};
		E6EB33701C9726E00079CEA7 /* Products */ = {
			isa = PBXGroup;
			children = (
				E6EB336F1C9726E00079CEA7 /* MissileCommand.app */,
				E6EB33871C9726E00079CEA7 /* MissileCommandTests.xctest */,
				E6EB33921C9726E00079CEA7 /* MissileCommandUITests.xctest */,
			);
			name = Products;
			sourceTree = "<group>";
		};
		E6EB33711C9726E00079CEA7 /* MissileCommand */ = {
			isa = PBXGroup;
			children = (
				E6EB33B01C99FB100079CEA7 /* Sounds */,
				E6EB33721C9726E00079CEA7 /* AppDelegate.swift */,
				E6EB33741C9726E00079CEA7 /* GameScene.sks */,
				E6EB33761C9726E00079CEA7 /* GameScene.swift */,
				E6EB33B71C9B7ACC0079CEA7 /* FireParticle.sks */,
				E6EB33B81C9B7ACC0079CEA7 /* spark.png */,
				E6EB33A81C98E98C0079CEA7 /* IntroScene.sks */,
				E6EB33AA1C98E9950079CEA7 /* IntroScene.swift */,
				E6EB33781C9726E00079CEA7 /* GameViewController.swift */,
				E6EB337A1C9726E00079CEA7 /* Main.storyboard */,
				E6EB337D1C9726E00079CEA7 /* Assets.xcassets */,
				E6EB337F1C9726E00079CEA7 /* LaunchScreen.storyboard */,
				E6EB33821C9726E00079CEA7 /* Info.plist */,
				E6EB33A41C976A9B0079CEA7 /* BMgermar.TTF */,
			);
			path = MissileCommand;
			sourceTree = "<group>";
		};
		E6EB338A1C9726E00079CEA7 /* MissileCommandTests */ = {
			isa = PBXGroup;
			children = (
				E6EB338B1C9726E00079CEA7 /* MissileCommandTests.swift */,
				E6EB338D1C9726E00079CEA7 /* Info.plist */,
			);
			path = MissileCommandTests;
			sourceTree = "<group>";
		};
		E6EB33951C9726E00079CEA7 /* MissileCommandUITests */ = {
			isa = PBXGroup;
			children = (
				E6EB33961C9726E00079CEA7 /* MissileCommandUITests.swift */,
				E6EB33981C9726E00079CEA7 /* Info.plist */,
			);
			path = MissileCommandUITests;
			sourceTree = "<group>";
		};
		E6EB33B01C99FB100079CEA7 /* Sounds */ = {
			isa = PBXGroup;
			children = (
				E69194091C9DE0A5005E878F /* epicMusic.wav */,
				E6EB33B51C99FE910079CEA7 /* 01 A Night Of Dizzy Spells.mp3 */,
				E6EB33B11C99FB2A0079CEA7 /* Metroid_Door-Brandino480-995195341.mp3 */,
				E6EB33B21C99FB2A0079CEA7 /* Strong_Punch-Mike_Koenig-574430706.mp3 */,
				E69193D51C9DE090005E878F /* .DS_Store */,
				E69193D61C9DE090005E878F /* drone.caf */,
				E69193D71C9DE090005E878F /* explosion1.caf */,
				E69193D81C9DE090005E878F /* explosion2.caf */,
				E69193D91C9DE090005E878F /* fail0.caf */,
				E69193DA1C9DE090005E878F /* fail1.caf */,
				E69193DB1C9DE090005E878F /* fail2.caf */,
				E69193DC1C9DE090005E878F /* fail3.caf */,
				E69193DD1C9DE090005E878F /* fail4.caf */,
				E69193DE1C9DE090005E878F /* fail5.caf */,
				E69193DF1C9DE090005E878F /* fail6.caf */,
				E69193E01C9DE090005E878F /* fail7.caf */,
				E69193E11C9DE090005E878F /* fail8.caf */,
				E69193E21C9DE090005E878F /* fail9.caf */,
				E69193E31C9DE090005E878F /* fail10.caf */,
				E69193E41C9DE090005E878F /* fail11.caf */,
				E69193E51C9DE090005E878F /* fail12.caf */,
				E69193E61C9DE090005E878F /* fail13.caf */,
				E69193E71C9DE090005E878F /* gun1.caf */,
				E69193E81C9DE090005E878F /* levelsound.mp3 */,
				E69193E91C9DE090005E878F /* loud_bomb.caf */,
				E69193EA1C9DE090005E878F /* restoreHealth.caf */,
				E69193EB1C9DE090005E878F /* ricochet.caf */,
				E69193EC1C9DE090005E878F /* success0.caf */,
				E69193ED1C9DE090005E878F /* success1.caf */,
				E69193EE1C9DE090005E878F /* success2.caf */,
			);
			name = Sounds;
			sourceTree = "<group>";
		};
/* End PBXGroup section */

/* Begin PBXNativeTarget section */
		E6EB336E1C9726E00079CEA7 /* MissileCommand */ = {
			isa = PBXNativeTarget;
			buildConfigurationList = E6EB339B1C9726E00079CEA7 /* Build configuration list for PBXNativeTarget "MissileCommand" */;
			buildPhases = (
				E6EB336B1C9726E00079CEA7 /* Sources */,
				E6EB336C1C9726E00079CEA7 /* Frameworks */,
				E6EB336D1C9726E00079CEA7 /* Resources */,
			);
			buildRules = (
			);
			dependencies = (
			);
			name = MissileCommand;
			productName = MissileCommand;
			productReference = E6EB336F1C9726E00079CEA7 /* MissileCommand.app */;
			productType = "com.apple.product-type.application";
		};
		E6EB33861C9726E00079CEA7 /* MissileCommandTests */ = {
			isa = PBXNativeTarget;
			buildConfigurationList = E6EB339E1C9726E00079CEA7 /* Build configuration list for PBXNativeTarget "MissileCommandTests" */;
			buildPhases = (
				E6EB33831C9726E00079CEA7 /* Sources */,
				E6EB33841C9726E00079CEA7 /* Frameworks */,
				E6EB33851C9726E00079CEA7 /* Resources */,
			);
			buildRules = (
			);
			dependencies = (
				E6EB33891C9726E00079CEA7 /* PBXTargetDependency */,
			);
			name = MissileCommandTests;
			productName = MissileCommandTests;
			productReference = E6EB33871C9726E00079CEA7 /* MissileCommandTests.xctest */;
			productType = "com.apple.product-type.bundle.unit-test";
		};
		E6EB33911C9726E00079CEA7 /* MissileCommandUITests */ = {
			isa = PBXNativeTarget;
			buildConfigurationList = E6EB33A11C9726E00079CEA7 /* Build configuration list for PBXNativeTarget "MissileCommandUITests" */;
			buildPhases = (
				E6EB338E1C9726E00079CEA7 /* Sources */,
				E6EB338F1C9726E00079CEA7 /* Frameworks */,
				E6EB33901C9726E00079CEA7 /* Resources */,
			);
			buildRules = (
			);
			dependencies = (
				E6EB33941C9726E00079CEA7 /* PBXTargetDependency */,
			);
			name = MissileCommandUITests;
			productName = MissileCommandUITests;
			productReference = E6EB33921C9726E00079CEA7 /* MissileCommandUITests.xctest */;
			productType = "com.apple.product-type.bundle.ui-testing";
		};
/* End PBXNativeTarget section */

/* Begin PBXProject section */
		E6EB33671C9726E00079CEA7 /* Project object */ = {
			isa = PBXProject;
			attributes = {
				LastSwiftUpdateCheck = 0720;
				LastUpgradeCheck = 0720;
				ORGANIZATIONNAME = "Jay Maloney";
				TargetAttributes = {
					E6EB336E1C9726E00079CEA7 = {
						CreatedOnToolsVersion = 7.2.1;
						DevelopmentTeam = YEP9MHXWAX;
					};
					E6EB33861C9726E00079CEA7 = {
						CreatedOnToolsVersion = 7.2.1;
						DevelopmentTeam = YEP9MHXWAX;
						TestTargetID = E6EB336E1C9726E00079CEA7;
					};
					E6EB33911C9726E00079CEA7 = {
						CreatedOnToolsVersion = 7.2.1;
						DevelopmentTeam = YEP9MHXWAX;
						TestTargetID = E6EB336E1C9726E00079CEA7;
					};
				};
			};
			buildConfigurationList = E6EB336A1C9726E00079CEA7 /* Build configuration list for PBXProject "MissileCommand" */;
			compatibilityVersion = "Xcode 3.2";
			developmentRegion = English;
			hasScannedForEncodings = 0;
			knownRegions = (
				en,
				Base,
			);
			mainGroup = E6EB33661C9726E00079CEA7;
			productRefGroup = E6EB33701C9726E00079CEA7 /* Products */;
			projectDirPath = "";
			projectRoot = "";
			targets = (
				E6EB336E1C9726E00079CEA7 /* MissileCommand */,
				E6EB33861C9726E00079CEA7 /* MissileCommandTests */,
				E6EB33911C9726E00079CEA7 /* MissileCommandUITests */,
			);
		};
/* End PBXProject section */

/* Begin PBXResourcesBuildPhase section */
		E6EB336D1C9726E00079CEA7 /* Resources */ = {
			isa = PBXResourcesBuildPhase;
			buildActionMask = 2147483647;
			files = (
				E69194061C9DE090005E878F /* success0.caf in Resources */,
				E69193F01C9DE090005E878F /* drone.caf in Resources */,
				E69194051C9DE090005E878F /* ricochet.caf in Resources */,
				E69193F61C9DE090005E878F /* fail3.caf in Resources */,
				E69193FE1C9DE090005E878F /* fail11.caf in Resources */,
				E69194081C9DE090005E878F /* success2.caf in Resources */,
				E69194011C9DE090005E878F /* gun1.caf in Resources */,
				E69194021C9DE090005E878F /* levelsound.mp3 in Resources */,
				E6EB33BA1C9B7ACC0079CEA7 /* spark.png in Resources */,
				E69193FA1C9DE090005E878F /* fail7.caf in Resources */,
				E6EB33B41C99FB2A0079CEA7 /* Strong_Punch-Mike_Koenig-574430706.mp3 in Resources */,
				E69194041C9DE090005E878F /* restoreHealth.caf in Resources */,
				E69193F51C9DE090005E878F /* fail2.caf in Resources */,
				E69193F71C9DE090005E878F /* fail4.caf in Resources */,
				E6EB33751C9726E00079CEA7 /* GameScene.sks in Resources */,
				E69193F41C9DE090005E878F /* fail1.caf in Resources */,
				E6EB33A51C976A9C0079CEA7 /* BMgermar.TTF in Resources */,
				E69193FC1C9DE090005E878F /* fail9.caf in Resources */,
				E6EB33811C9726E00079CEA7 /* LaunchScreen.storyboard in Resources */,
				E6EB33B61C99FE920079CEA7 /* 01 A Night Of Dizzy Spells.mp3 in Resources */,
				E69194001C9DE090005E878F /* fail13.caf in Resources */,
				E6EB33A91C98E98C0079CEA7 /* IntroScene.sks in Resources */,
				E6EB33B31C99FB2A0079CEA7 /* Metroid_Door-Brandino480-995195341.mp3 in Resources */,
				E6EB33B91C9B7ACC0079CEA7 /* FireParticle.sks in Resources */,
				E69193F11C9DE090005E878F /* explosion1.caf in Resources */,
				E6EB337E1C9726E00079CEA7 /* Assets.xcassets in Resources */,
				E69193EF1C9DE090005E878F /* .DS_Store in Resources */,
				E69193F31C9DE090005E878F /* fail0.caf in Resources */,
				E69194031C9DE090005E878F /* loud_bomb.caf in Resources */,
				E69193FF1C9DE090005E878F /* fail12.caf in Resources */,
				E69193F81C9DE090005E878F /* fail5.caf in Resources */,
				E69194071C9DE090005E878F /* success1.caf in Resources */,
				E6EB337C1C9726E00079CEA7 /* Main.storyboard in Resources */,
				E69193FB1C9DE090005E878F /* fail8.caf in Resources */,
				E69193FD1C9DE090005E878F /* fail10.caf in Resources */,
				E691940A1C9DE0A5005E878F /* epicMusic.wav in Resources */,
				E69193F21C9DE090005E878F /* explosion2.caf in Resources */,
				E69193F91C9DE090005E878F /* fail6.caf in Resources */,
			);
			runOnlyForDeploymentPostprocessing = 0;
		};
		E6EB33851C9726E00079CEA7 /* Resources */ = {
			isa = PBXResourcesBuildPhase;
			buildActionMask = 2147483647;
			files = (
				E6EB33A61C976A9C0079CEA7 /* BMgermar.TTF in Resources */,
			);
			runOnlyForDeploymentPostprocessing = 0;
		};
		E6EB33901C9726E00079CEA7 /* Resources */ = {
			isa = PBXResourcesBuildPhase;
			buildActionMask = 2147483647;
			files = (
				E6EB33A71C976A9C0079CEA7 /* BMgermar.TTF in Resources */,
			);
			runOnlyForDeploymentPostprocessing = 0;
		};
/* End PBXResourcesBuildPhase section */

/* Begin PBXSourcesBuildPhase section */
		E6EB336B1C9726E00079CEA7 /* Sources */ = {
			isa = PBXSourcesBuildPhase;
			buildActionMask = 2147483647;
			files = (
				E6EB33771C9726E00079CEA7 /* GameScene.swift in Sources */,
				E6EB33AB1C98E9950079CEA7 /* IntroScene.swift in Sources */,
				E6EB33791C9726E00079CEA7 /* GameViewController.swift in Sources */,
				E6EB33731C9726E00079CEA7 /* AppDelegate.swift in Sources */,
			);
			runOnlyForDeploymentPostprocessing = 0;
		};
		E6EB33831C9726E00079CEA7 /* Sources */ = {
			isa = PBXSourcesBuildPhase;
			buildActionMask = 2147483647;
			files = (
				E6EB338C1C9726E00079CEA7 /* MissileCommandTests.swift in Sources */,
			);
			runOnlyForDeploymentPostprocessing = 0;
		};
		E6EB338E1C9726E00079CEA7 /* Sources */ = {
			isa = PBXSourcesBuildPhase;
			buildActionMask = 2147483647;
			files = (
				E6EB33971C9726E00079CEA7 /* MissileCommandUITests.swift in Sources */,
			);
			runOnlyForDeploymentPostprocessing = 0;
		};
/* End PBXSourcesBuildPhase section */

/* Begin PBXTargetDependency section */
		E6EB33891C9726E00079CEA7 /* PBXTargetDependency */ = {
			isa = PBXTargetDependency;
			target = E6EB336E1C9726E00079CEA7 /* MissileCommand */;
			targetProxy = E6EB33881C9726E00079CEA7 /* PBXContainerItemProxy */;
		};
		E6EB33941C9726E00079CEA7 /* PBXTargetDependency */ = {
			isa = PBXTargetDependency;
			target = E6EB336E1C9726E00079CEA7 /* MissileCommand */;
			targetProxy = E6EB33931C9726E00079CEA7 /* PBXContainerItemProxy */;
		};
/* End PBXTargetDependency section */

/* Begin PBXVariantGroup section */
		E6EB337A1C9726E00079CEA7 /* Main.storyboard */ = {
			isa = PBXVariantGroup;
			children = (
				E6EB337B1C9726E00079CEA7 /* Base */,
			);
			name = Main.storyboard;
			sourceTree = "<group>";
		};
		E6EB337F1C9726E00079CEA7 /* LaunchScreen.storyboard */ = {
			isa = PBXVariantGroup;
			children = (
				E6EB33801C9726E00079CEA7 /* Base */,
			);
			name = LaunchScreen.storyboard;
			sourceTree = "<group>";
		};
/* End PBXVariantGroup section */

/* Begin XCBuildConfiguration section */
		E6EB33991C9726E00079CEA7 /* Debug */ = {
			isa = XCBuildConfiguration;
			buildSettings = {
				ALWAYS_SEARCH_USER_PATHS = NO;
				CLANG_CXX_LANGUAGE_STANDARD = "gnu++0x";
				CLANG_CXX_LIBRARY = "libc++";
				CLANG_ENABLE_MODULES = YES;
				CLANG_ENABLE_OBJC_ARC = YES;
				CLANG_WARN_BOOL_CONVERSION = YES;
				CLANG_WARN_CONSTANT_CONVERSION = YES;
				CLANG_WARN_DIRECT_OBJC_ISA_USAGE = YES_ERROR;
				CLANG_WARN_EMPTY_BODY = YES;
				CLANG_WARN_ENUM_CONVERSION = YES;
				CLANG_WARN_INT_CONVERSION = YES;
				CLANG_WARN_OBJC_ROOT_CLASS = YES_ERROR;
				CLANG_WARN_UNREACHABLE_CODE = YES;
				CLANG_WARN__DUPLICATE_METHOD_MATCH = YES;
				"CODE_SIGN_IDENTITY[sdk=iphoneos*]" = "iPhone Developer";
				COPY_PHASE_STRIP = NO;
				DEBUG_INFORMATION_FORMAT = "dwarf-with-dsym";
				ENABLE_STRICT_OBJC_MSGSEND = YES;
				ENABLE_TESTABILITY = YES;
				GCC_C_LANGUAGE_STANDARD = gnu99;
				GCC_DYNAMIC_NO_PIC = NO;
				GCC_NO_COMMON_BLOCKS = YES;
				GCC_OPTIMIZATION_LEVEL = 0;
				GCC_PREPROCESSOR_DEFINITIONS = (
					"DEBUG=1",
					"$(inherited)",
				);
				GCC_WARN_64_TO_32_BIT_CONVERSION = YES;
				GCC_WARN_ABOUT_RETURN_TYPE = YES_ERROR;
				GCC_WARN_UNDECLARED_SELECTOR = YES;
				GCC_WARN_UNINITIALIZED_AUTOS = YES_AGGRESSIVE;
				GCC_WARN_UNUSED_FUNCTION = YES;
				GCC_WARN_UNUSED_VARIABLE = YES;
				IPHONEOS_DEPLOYMENT_TARGET = 9.2;
				MTL_ENABLE_DEBUG_INFO = YES;
				ONLY_ACTIVE_ARCH = YES;
				SDKROOT = iphoneos;
				SWIFT_OPTIMIZATION_LEVEL = "-Onone";
				TARGETED_DEVICE_FAMILY = "1,2";
			};
			name = Debug;
		};
		E6EB339A1C9726E00079CEA7 /* Release */ = {
			isa = XCBuildConfiguration;
			buildSettings = {
				ALWAYS_SEARCH_USER_PATHS = NO;
				CLANG_CXX_LANGUAGE_STANDARD = "gnu++0x";
				CLANG_CXX_LIBRARY = "libc++";
				CLANG_ENABLE_MODULES = YES;
				CLANG_ENABLE_OBJC_ARC = YES;
				CLANG_WARN_BOOL_CONVERSION = YES;
				CLANG_WARN_CONSTANT_CONVERSION = YES;
				CLANG_WARN_DIRECT_OBJC_ISA_USAGE = YES_ERROR;
				CLANG_WARN_EMPTY_BODY = YES;
				CLANG_WARN_ENUM_CONVERSION = YES;
				CLANG_WARN_INT_CONVERSION = YES;
				CLANG_WARN_OBJC_ROOT_CLASS = YES_ERROR;
				CLANG_WARN_UNREACHABLE_CODE = YES;
				CLANG_WARN__DUPLICATE_METHOD_MATCH = YES;
				"CODE_SIGN_IDENTITY[sdk=iphoneos*]" = "iPhone Developer";
				COPY_PHASE_STRIP = NO;
				DEBUG_INFORMATION_FORMAT = "dwarf-with-dsym";
				ENABLE_NS_ASSERTIONS = NO;
				ENABLE_STRICT_OBJC_MSGSEND = YES;
				GCC_C_LANGUAGE_STANDARD = gnu99;
				GCC_NO_COMMON_BLOCKS = YES;
				GCC_WARN_64_TO_32_BIT_CONVERSION = YES;
				GCC_WARN_ABOUT_RETURN_TYPE = YES_ERROR;
				GCC_WARN_UNDECLARED_SELECTOR = YES;
				GCC_WARN_UNINITIALIZED_AUTOS = YES_AGGRESSIVE;
				GCC_WARN_UNUSED_FUNCTION = YES;
				GCC_WARN_UNUSED_VARIABLE = YES;
				IPHONEOS_DEPLOYMENT_TARGET = 9.2;
				MTL_ENABLE_DEBUG_INFO = NO;
				SDKROOT = iphoneos;
				TARGETED_DEVICE_FAMILY = "1,2";
				VALIDATE_PRODUCT = YES;
			};
			name = Release;
		};
		E6EB339C1C9726E00079CEA7 /* Debug */ = {
			isa = XCBuildConfiguration;
			buildSettings = {
				ASSETCATALOG_COMPILER_APPICON_NAME = AppIcon;
				INFOPLIST_FILE = MissileCommand/Info.plist;
				LD_RUNPATH_SEARCH_PATHS = "$(inherited) @executable_path/Frameworks";
				PRODUCT_BUNDLE_IDENTIFIER = myApp.MissileCommand1;
				PRODUCT_NAME = "$(TARGET_NAME)";
				TARGETED_DEVICE_FAMILY = "1,2";
			};
			name = Debug;
		};
		E6EB339D1C9726E00079CEA7 /* Release */ = {
			isa = XCBuildConfiguration;
			buildSettings = {
				ASSETCATALOG_COMPILER_APPICON_NAME = AppIcon;
				INFOPLIST_FILE = MissileCommand/Info.plist;
				LD_RUNPATH_SEARCH_PATHS = "$(inherited) @executable_path/Frameworks";
				PRODUCT_BUNDLE_IDENTIFIER = myApp.MissileCommand1;
				PRODUCT_NAME = "$(TARGET_NAME)";
				TARGETED_DEVICE_FAMILY = "1,2";
			};
			name = Release;
		};
		E6EB339F1C9726E00079CEA7 /* Debug */ = {
			isa = XCBuildConfiguration;
			buildSettings = {
				BUNDLE_LOADER = "$(TEST_HOST)";
				DEBUG_INFORMATION_FORMAT = dwarf;
				INFOPLIST_FILE = MissileCommandTests/Info.plist;
				LD_RUNPATH_SEARCH_PATHS = "$(inherited) @executable_path/Frameworks @loader_path/Frameworks";
				PRODUCT_BUNDLE_IDENTIFIER = myApp.MissileCommandTests;
				PRODUCT_NAME = "$(TARGET_NAME)";
				TEST_HOST = "$(BUILT_PRODUCTS_DIR)/MissileCommand.app/MissileCommand";
			};
			name = Debug;
		};
		E6EB33A01C9726E00079CEA7 /* Release */ = {
			isa = XCBuildConfiguration;
			buildSettings = {
				BUNDLE_LOADER = "$(TEST_HOST)";
				INFOPLIST_FILE = MissileCommandTests/Info.plist;
				LD_RUNPATH_SEARCH_PATHS = "$(inherited) @executable_path/Frameworks @loader_path/Frameworks";
				PRODUCT_BUNDLE_IDENTIFIER = myApp.MissileCommandTests;
				PRODUCT_NAME = "$(TARGET_NAME)";
				TEST_HOST = "$(BUILT_PRODUCTS_DIR)/MissileCommand.app/MissileCommand";
			};
			name = Release;
		};
		E6EB33A21C9726E00079CEA7 /* Debug */ = {
			isa = XCBuildConfiguration;
			buildSettings = {
				DEBUG_INFORMATION_FORMAT = dwarf;
				INFOPLIST_FILE = MissileCommandUITests/Info.plist;
				LD_RUNPATH_SEARCH_PATHS = "$(inherited) @executable_path/Frameworks @loader_path/Frameworks";
				PRODUCT_BUNDLE_IDENTIFIER = myApp.MissileCommandUITests;
				PRODUCT_NAME = "$(TARGET_NAME)";
				TEST_TARGET_NAME = MissileCommand;
				USES_XCTRUNNER = YES;
			};
			name = Debug;
		};
		E6EB33A31C9726E00079CEA7 /* Release */ = {
			isa = XCBuildConfiguration;
			buildSettings = {
				INFOPLIST_FILE = MissileCommandUITests/Info.plist;
				LD_RUNPATH_SEARCH_PATHS = "$(inherited) @executable_path/Frameworks @loader_path/Frameworks";
				PRODUCT_BUNDLE_IDENTIFIER = myApp.MissileCommandUITests;
				PRODUCT_NAME = "$(TARGET_NAME)";
				TEST_TARGET_NAME = MissileCommand;
				USES_XCTRUNNER = YES;
			};
			name = Release;
		};
/* End XCBuildConfiguration section */

/* Begin XCConfigurationList section */
		E6EB336A1C9726E00079CEA7 /* Build configuration list for PBXProject "MissileCommand" */ = {
			isa = XCConfigurationList;
			buildConfigurations = (
				E6EB33991C9726E00079CEA7 /* Debug */,
				E6EB339A1C9726E00079CEA7 /* Release */,
			);
			defaultConfigurationIsVisible = 0;
			defaultConfigurationName = Release;
		};
		E6EB339B1C9726E00079CEA7 /* Build configuration list for PBXNativeTarget "MissileCommand" */ = {
			isa = XCConfigurationList;
			buildConfigurations = (
				E6EB339C1C9726E00079CEA7 /* Debug */,
				E6EB339D1C9726E00079CEA7 /* Release */,
			);
			defaultConfigurationIsVisible = 0;
			defaultConfigurationName = Release;
		};
		E6EB339E1C9726E00079CEA7 /* Build configuration list for PBXNativeTarget "MissileCommandTests" */ = {
			isa = XCConfigurationList;
			buildConfigurations = (
				E6EB339F1C9726E00079CEA7 /* Debug */,
				E6EB33A01C9726E00079CEA7 /* Release */,
			);
			defaultConfigurationIsVisible = 0;
			defaultConfigurationName = Release;
		};
		E6EB33A11C9726E00079CEA7 /* Build configuration list for PBXNativeTarget "MissileCommandUITests" */ = {
			isa = XCConfigurationList;
			buildConfigurations = (
				E6EB33A21C9726E00079CEA7 /* Debug */,
				E6EB33A31C9726E00079CEA7 /* Release */,
			);
			defaultConfigurationIsVisible = 0;
			defaultConfigurationName = Release;
		};
/* End XCConfigurationList section */
	};
	rootObject = E6EB33671C9726E00079CEA7 /* Project object */;
}
